
Microsoft Visual Studio Solution File, Format Version 12.00
# Visual Studio Version 16
VisualStudioVersion = 16.0.31702.278
MinimumVisualStudioVersion = 10.0.40219.1
Project("{FAE04EC0-301F-11D3-BF4B-00C04F79EFBC}") = "Shopping.Client", "Shopping.Client\Shopping.Client.csproj", "{A10E56C1-4B95-4179-B6AD-F8D4DA88D5BD}"
EndProject
Global
	GlobalSection(SolutionConfigurationPlatforms) = preSolution
		Debug|Any CPU = Debug|Any CPU
		Release|Any CPU = Release|Any CPU
	EndGlobalSection
	GlobalSection(ProjectConfigurationPlatforms) = postSolution
		{A10E56C1-4B95-4179-B6AD-F8D4DA88D5BD}.Debug|Any CPU.ActiveCfg = Debug|Any CPU
		{A10E56C1-4B95-4179-B6AD-F8D4DA88D5BD}.Debug|Any CPU.Build.0 = Debug|Any CPU
		{A10E56C1-4B95-4179-B6AD-F8D4DA88D5BD}.Release|Any CPU.ActiveCfg = Release|Any CPU
		{A10E56C1-4B95-4179-B6AD-F8D4DA88D5BD}.Release|Any CPU.Build.0 = Release|Any CPU
	EndGlobalSection
	GlobalSection(SolutionProperties) = preSolution
		HideSolutionNode = FALSE
	EndGlobalSection
	GlobalSection(ExtensibilityGlobals) = postSolution
		SolutionGuid = {8851718B-B561-4E55-9E80-B815FD52F68A}
	EndGlobalSection
EndGlobal
